# This file is automatically @generated by Cargo.
# It is not intended for manual editing.
version = 4

[[package]]
name = "a"
version = "0.0.1"
dependencies = [
 "b",
 "base64 0.22.1",
 "c",
]

[[package]]
name = "b"
version = "0.0.1"
dependencies = [
 "base64 0.11.0",
]

[[package]]
name = "base64"
version = "0.1.0"
source = "registry+https://github.com/rust-lang/crates.io-index"
checksum = "0fcf1cc12085a0cb60a051f2ba4a027b3e84d4265d8831794147f58c584e3301"

[[package]]
name = "base64"
version = "0.11.0"
source = "registry+https://github.com/rust-lang/crates.io-index"
checksum = "b41b7ea54a0c9d92199de89e20e58d49f02f8e699814ef3fdf266f6f748d15c7"

[[package]]
name = "base64"
version = "0.22.1"
source = "registry+https://github.com/rust-lang/crates.io-index"
checksum = "72b3254f16251a8381aa12e40e3c4d2f0199f8c6508fbecb9d91f575e0fbb8c6"

[[package]]
name = "c"
version = "0.0.1"
dependencies = [
 "base64 0.1.0",
]
